// !$*UTF8*$!
{
	archiveVersion = 1;
	classes = {
	};
	objectVersion = 46;
	objects = {

/* Begin PBXBuildFile section */
		D8AB788A1E33F8F100029E63 /* main.m in Sources */ = {isa = PBXBuildFile; fileRef = D8AB78891E33F8F100029E63 /* main.m */; };
		D8AB788D1E33F8F200029E63 /* AppDelegate.m in Sources */ = {isa = PBXBuildFile; fileRef = D8AB788C1E33F8F200029E63 /* AppDelegate.m */; };
		D8AB78901E33F8F200029E63 /* ViewController.m in Sources */ = {isa = PBXBuildFile; fileRef = D8AB788F1E33F8F200029E63 /* ViewController.m */; };
		D8AB78931E33F8F200029E63 /* Main.storyboard in Resources */ = {isa = PBXBuildFile; fileRef = D8AB78911E33F8F200029E63 /* Main.storyboard */; };
		D8AB78951E33F8F200029E63 /* Assets.xcassets in Resources */ = {isa = PBXBuildFile; fileRef = D8AB78941E33F8F200029E63 /* Assets.xcassets */; };
		D8AB78981E33F8F200029E63 /* LaunchScreen.storyboard in Resources */ = {isa = PBXBuildFile; fileRef = D8AB78961E33F8F200029E63 /* LaunchScreen.storyboard */; };
		D8AB78A31E33F8F200029E63 /* Viseme_iOS_ClientTests.m in Sources */ = {isa = PBXBuildFile; fileRef = D8AB78A21E33F8F200029E63 /* Viseme_iOS_ClientTests.m */; };
		D8AB78AF1E34041800029E63 /* MobileCoreServices.framework in Frameworks */ = {isa = PBXBuildFile; fileRef = D8AB78AE1E34041800029E63 /* MobileCoreServices.framework */; };
		D8AB78B11E34042500029E63 /* Speech.framework in Frameworks */ = {isa = PBXBuildFile; fileRef = D8AB78B01E34042500029E63 /* Speech.framework */; };
		D8AB78B51E34043A00029E63 /* Accelerate.framework in Frameworks */ = {isa = PBXBuildFile; fileRef = D8AB78B21E34043A00029E63 /* Accelerate.framework */; };
		D8AB78B71E34043A00029E63 /* AVFoundation.framework in Frameworks */ = {isa = PBXBuildFile; fileRef = D8AB78B41E34043A00029E63 /* AVFoundation.framework */; };
/* End PBXBuildFile section */

/* Begin PBXContainerItemProxy section */
		D8AB789F1E33F8F200029E63 /* PBXContainerItemProxy */ = {
			isa = PBXContainerItemProxy;
			containerPortal = D8AB787D1E33F8F100029E63 /* Project object */;
			proxyType = 1;
			remoteGlobalIDString = D8AB78841E33F8F100029E63;
			remoteInfo = "Viseme iOS Client";
		};
/* End PBXContainerItemProxy section */

/* Begin PBXFileReference section */
		D8AB78851E33F8F100029E63 /* Viseme iOS Client.app */ = {isa = PBXFileReference; explicitFileType = wrapper.application; includeInIndex = 0; path = "Viseme iOS Client.app"; sourceTree = BUILT_PRODUCTS_DIR; };
		D8AB78891E33F8F100029E63 /* main.m */ = {isa = PBXFileReference; lastKnownFileType = sourcecode.c.objc; path = main.m; sourceTree = "<group>"; };
		D8AB788B1E33F8F200029E63 /* AppDelegate.h */ = {isa = PBXFileReference; lastKnownFileType = sourcecode.c.h; path = AppDelegate.h; sourceTree = "<group>"; };
		D8AB788C1E33F8F200029E63 /* AppDelegate.m */ = {isa = PBXFileReference; lastKnownFileType = sourcecode.c.objc; path = AppDelegate.m; sourceTree = "<group>"; };
		D8AB788E1E33F8F200029E63 /* ViewController.h */ = {isa = PBXFileReference; lastKnownFileType = sourcecode.c.h; path = ViewController.h; sourceTree = "<group>"; };
		D8AB788F1E33F8F200029E63 /* ViewController.m */ = {isa = PBXFileReference; lastKnownFileType = sourcecode.c.objc; path = ViewController.m; sourceTree = "<group>"; };
		D8AB78921E33F8F200029E63 /* Base */ = {isa = PBXFileReference; lastKnownFileType = file.storyboard; name = Base; path = Base.lproj/Main.storyboard; sourceTree = "<group>"; };
		D8AB78941E33F8F200029E63 /* Assets.xcassets */ = {isa = PBXFileReference; lastKnownFileType = folder.assetcatalog; path = Assets.xcassets; sourceTree = "<group>"; };
		D8AB78971E33F8F200029E63 /* Base */ = {isa = PBXFileReference; lastKnownFileType = file.storyboard; name = Base; path = Base.lproj/LaunchScreen.storyboard; sourceTree = "<group>"; };
		D8AB78991E33F8F200029E63 /* Info.plist */ = {isa = PBXFileReference; lastKnownFileType = text.plist.xml; path = Info.plist; sourceTree = "<group>"; };
		D8AB789E1E33F8F200029E63 /* Viseme iOS ClientTests.xctest */ = {isa = PBXFileReference; explicitFileType = wrapper.cfbundle; includeInIndex = 0; path = "Viseme iOS ClientTests.xctest"; sourceTree = BUILT_PRODUCTS_DIR; };
		D8AB78A21E33F8F200029E63 /* Viseme_iOS_ClientTests.m */ = {isa = PBXFileReference; lastKnownFileType = sourcecode.c.objc; path = Viseme_iOS_ClientTests.m; sourceTree = "<group>"; };
		D8AB78A41E33F8F200029E63 /* Info.plist */ = {isa = PBXFileReference; lastKnownFileType = text.plist.xml; path = Info.plist; sourceTree = "<group>"; };
		D8AB78AE1E34041800029E63 /* MobileCoreServices.framework */ = {isa = PBXFileReference; lastKnownFileType = wrapper.framework; name = MobileCoreServices.framework; path = System/Library/Frameworks/MobileCoreServices.framework; sourceTree = SDKROOT; };
		D8AB78B01E34042500029E63 /* Speech.framework */ = {isa = PBXFileReference; lastKnownFileType = wrapper.framework; name = Speech.framework; path = System/Library/Frameworks/Speech.framework; sourceTree = SDKROOT; };
		D8AB78B21E34043A00029E63 /* Accelerate.framework */ = {isa = PBXFileReference; lastKnownFileType = wrapper.framework; name = Accelerate.framework; path = System/Library/Frameworks/Accelerate.framework; sourceTree = SDKROOT; };
		D8AB78B31E34043A00029E63 /* AudioUnit.framework */ = {isa = PBXFileReference; lastKnownFileType = wrapper.framework; name = AudioUnit.framework; path = System/Library/Frameworks/AudioUnit.framework; sourceTree = SDKROOT; };
		D8AB78B41E34043A00029E63 /* AVFoundation.framework */ = {isa = PBXFileReference; lastKnownFileType = wrapper.framework; name = AVFoundation.framework; path = System/Library/Frameworks/AVFoundation.framework; sourceTree = SDKROOT; };
/* End PBXFileReference section */

/* Begin PBXFrameworksBuildPhase section */
		D8AB78821E33F8F100029E63 /* Frameworks */ = {
			isa = PBXFrameworksBuildPhase;
			buildActionMask = 2147483647;
			files = (
				D8AB78B51E34043A00029E63 /* Accelerate.framework in Frameworks */,
				D8AB78B71E34043A00029E63 /* AVFoundation.framework in Frameworks */,
				D8AB78B11E34042500029E63 /* Speech.framework in Frameworks */,
				D8AB78AF1E34041800029E63 /* MobileCoreServices.framework in Frameworks */,
			);
			runOnlyForDeploymentPostprocessing = 0;
		};
		D8AB789B1E33F8F200029E63 /* Frameworks */ = {
			isa = PBXFrameworksBuildPhase;
			buildActionMask = 2147483647;
			files = (
			);
			runOnlyForDeploymentPostprocessing = 0;
		};
/* End PBXFrameworksBuildPhase section */

/* Begin PBXGroup section */
		D8AB787C1E33F8F100029E63 = {
			isa = PBXGroup;
			children = (
				D8AB78871E33F8F100029E63 /* Viseme iOS Client */,
				D8AB78A11E33F8F200029E63 /* Viseme iOS ClientTests */,
				D8AB78861E33F8F100029E63 /* Products */,
				D8AB78AD1E34041700029E63 /* Frameworks */,
			);
			sourceTree = "<group>";
		};
		D8AB78861E33F8F100029E63 /* Products */ = {
			isa = PBXGroup;
			children = (
				D8AB78851E33F8F100029E63 /* Viseme iOS Client.app */,
				D8AB789E1E33F8F200029E63 /* Viseme iOS ClientTests.xctest */,
			);
			name = Products;
			sourceTree = "<group>";
		};
		D8AB78871E33F8F100029E63 /* Viseme iOS Client */ = {
			isa = PBXGroup;
			children = (
				D8AB788B1E33F8F200029E63 /* AppDelegate.h */,
				D8AB788C1E33F8F200029E63 /* AppDelegate.m */,
				D8AB788E1E33F8F200029E63 /* ViewController.h */,
				D8AB788F1E33F8F200029E63 /* ViewController.m */,
				D8AB78911E33F8F200029E63 /* Main.storyboard */,
				D8AB78941E33F8F200029E63 /* Assets.xcassets */,
				D8AB78961E33F8F200029E63 /* LaunchScreen.storyboard */,
				D8AB78991E33F8F200029E63 /* Info.plist */,
				D8AB78881E33F8F100029E63 /* Supporting Files */,
			);
			path = "Viseme iOS Client";
			sourceTree = "<group>";
		};
		D8AB78881E33F8F100029E63 /* Supporting Files */ = {
			isa = PBXGroup;
			children = (
				D8AB78891E33F8F100029E63 /* main.m */,
			);
			name = "Supporting Files";
			sourceTree = "<group>";
		};
		D8AB78A11E33F8F200029E63 /* Viseme iOS ClientTests */ = {
			isa = PBXGroup;
			children = (
				D8AB78A21E33F8F200029E63 /* Viseme_iOS_ClientTests.m */,
				D8AB78A41E33F8F200029E63 /* Info.plist */,
			);
			path = "Viseme iOS ClientTests";
			sourceTree = "<group>";
		};
		D8AB78AD1E34041700029E63 /* Frameworks */ = {
			isa = PBXGroup;
			children = (
				D8AB78B21E34043A00029E63 /* Accelerate.framework */,
				D8AB78B31E34043A00029E63 /* AudioUnit.framework */,
				D8AB78B41E34043A00029E63 /* AVFoundation.framework */,
				D8AB78B01E34042500029E63 /* Speech.framework */,
				D8AB78AE1E34041800029E63 /* MobileCoreServices.framework */,
			);
			name = Frameworks;
			sourceTree = "<group>";
		};
/* End PBXGroup section */

/* Begin PBXNativeTarget section */
		D8AB78841E33F8F100029E63 /* Viseme iOS Client */ = {
			isa = PBXNativeTarget;
			buildConfigurationList = D8AB78A71E33F8F200029E63 /* Build configuration list for PBXNativeTarget "Viseme iOS Client" */;
			buildPhases = (
				D8AB78811E33F8F100029E63 /* Sources */,
				D8AB78821E33F8F100029E63 /* Frameworks */,
				D8AB78831E33F8F100029E63 /* Resources */,
			);
			buildRules = (
			);
			dependencies = (
			);
			name = "Viseme iOS Client";
			productName = "Viseme iOS Client";
			productReference = D8AB78851E33F8F100029E63 /* Viseme iOS Client.app */;
			productType = "com.apple.product-type.application";
		};
		D8AB789D1E33F8F200029E63 /* Viseme iOS ClientTests */ = {
			isa = PBXNativeTarget;
			buildConfigurationList = D8AB78AA1E33F8F200029E63 /* Build configuration list for PBXNativeTarget "Viseme iOS ClientTests" */;
			buildPhases = (
				D8AB789A1E33F8F200029E63 /* Sources */,
				D8AB789B1E33F8F200029E63 /* Frameworks */,
				D8AB789C1E33F8F200029E63 /* Resources */,
			);
			buildRules = (
			);
			dependencies = (
				D8AB78A01E33F8F200029E63 /* PBXTargetDependency */,
			);
			name = "Viseme iOS ClientTests";
			productName = "Viseme iOS ClientTests";
			productReference = D8AB789E1E33F8F200029E63 /* Viseme iOS ClientTests.xctest */;
			productType = "com.apple.product-type.bundle.unit-test";
		};
/* End PBXNativeTarget section */

/* Begin PBXProject section */
		D8AB787D1E33F8F100029E63 /* Project object */ = {
			isa = PBXProject;
			attributes = {
				LastUpgradeCheck = 0820;
				ORGANIZATIONNAME = Viseme;
				TargetAttributes = {
					D8AB78841E33F8F100029E63 = {
						CreatedOnToolsVersion = 8.2.1;
						DevelopmentTeam = M7CQNY6ET6;
						ProvisioningStyle = Automatic;
					};
					D8AB789D1E33F8F200029E63 = {
						CreatedOnToolsVersion = 8.2.1;
						ProvisioningStyle = Automatic;
						TestTargetID = D8AB78841E33F8F100029E63;
					};
				};
			};
			buildConfigurationList = D8AB78801E33F8F100029E63 /* Build configuration list for PBXProject "Viseme iOS Client" */;
			compatibilityVersion = "Xcode 3.2";
			developmentRegion = English;
			hasScannedForEncodings = 0;
			knownRegions = (
				en,
				Base,
			);
			mainGroup = D8AB787C1E33F8F100029E63;
			productRefGroup = D8AB78861E33F8F100029E63 /* Products */;
			projectDirPath = "";
			projectRoot = "";
			targets = (
				D8AB78841E33F8F100029E63 /* Viseme iOS Client */,
				D8AB789D1E33F8F200029E63 /* Viseme iOS ClientTests */,
			);
		};
/* End PBXProject section */

/* Begin PBXResourcesBuildPhase section */
		D8AB78831E33F8F100029E63 /* Resources */ = {
			isa = PBXResourcesBuildPhase;
			buildActionMask = 2147483647;
			files = (
				D8AB78981E33F8F200029E63 /* LaunchScreen.storyboard in Resources */,
				D8AB78951E33F8F200029E63 /* Assets.xcassets in Resources */,
				D8AB78931E33F8F200029E63 /* Main.storyboard in Resources */,
			);
			runOnlyForDeploymentPostprocessing = 0;
		};
		D8AB789C1E33F8F200029E63 /* Resources */ = {
			isa = PBXResourcesBuildPhase;
			buildActionMask = 2147483647;
			files = (
			);
			runOnlyForDeploymentPostprocessing = 0;
		};
/* End PBXResourcesBuildPhase section */

/* Begin PBXSourcesBuildPhase section */
		D8AB78811E33F8F100029E63 /* Sources */ = {
			isa = PBXSourcesBuildPhase;
			buildActionMask = 2147483647;
			files = (
				D8AB78901E33F8F200029E63 /* ViewController.m in Sources */,
				D8AB788D1E33F8F200029E63 /* AppDelegate.m in Sources */,
				D8AB788A1E33F8F100029E63 /* main.m in Sources */,
			);
			runOnlyForDeploymentPostprocessing = 0;
		};
		D8AB789A1E33F8F200029E63 /* Sources */ = {
			isa = PBXSourcesBuildPhase;
			buildActionMask = 2147483647;
			files = (
				D8AB78A31E33F8F200029E63 /* Viseme_iOS_ClientTests.m in Sources */,
			);
			runOnlyForDeploymentPostprocessing = 0;
		};
/* End PBXSourcesBuildPhase section */

/* Begin PBXTargetDependency section */
		D8AB78A01E33F8F200029E63 /* PBXTargetDependency */ = {
			isa = PBXTargetDependency;
			target = D8AB78841E33F8F100029E63 /* Viseme iOS Client */;
			targetProxy = D8AB789F1E33F8F200029E63 /* PBXContainerItemProxy */;
		};
/* End PBXTargetDependency section */

/* Begin PBXVariantGroup section */
		D8AB78911E33F8F200029E63 /* Main.storyboard */ = {
			isa = PBXVariantGroup;
			children = (
				D8AB78921E33F8F200029E63 /* Base */,
			);
			name = Main.storyboard;
			sourceTree = "<group>";
		};
		D8AB78961E33F8F200029E63 /* LaunchScreen.storyboard */ = {
			isa = PBXVariantGroup;
			children = (
				D8AB78971E33F8F200029E63 /* Base */,
			);
			name = LaunchScreen.storyboard;
			sourceTree = "<group>";
		};
/* End PBXVariantGroup section */

/* Begin XCBuildConfiguration section */
		D8AB78A51E33F8F200029E63 /* Debug */ = {
			isa = XCBuildConfiguration;
			buildSettings = {
				ALWAYS_SEARCH_USER_PATHS = NO;
				CLANG_ANALYZER_NONNULL = YES;
				CLANG_CXX_LANGUAGE_STANDARD = "gnu++0x";
				CLANG_CXX_LIBRARY = "libc++";
				CLANG_ENABLE_MODULES = YES;
				CLANG_ENABLE_OBJC_ARC = YES;
				CLANG_WARN_BOOL_CONVERSION = YES;
				CLANG_WARN_CONSTANT_CONVERSION = YES;
				CLANG_WARN_DIRECT_OBJC_ISA_USAGE = YES_ERROR;
				CLANG_WARN_DOCUMENTATION_COMMENTS = YES;
				CLANG_WARN_EMPTY_BODY = YES;
				CLANG_WARN_ENUM_CONVERSION = YES;
				CLANG_WARN_INFINITE_RECURSION = YES;
				CLANG_WARN_INT_CONVERSION = YES;
				CLANG_WARN_OBJC_ROOT_CLASS = YES_ERROR;
				CLANG_WARN_SUSPICIOUS_MOVE = YES;
				CLANG_WARN_UNREACHABLE_CODE = YES;
				CLANG_WARN__DUPLICATE_METHOD_MATCH = YES;
				"CODE_SIGN_IDENTITY[sdk=iphoneos*]" = "iPhone Developer";
				COPY_PHASE_STRIP = NO;
				DEBUG_INFORMATION_FORMAT = dwarf;
				ENABLE_STRICT_OBJC_MSGSEND = YES;
				ENABLE_TESTABILITY = YES;
				GCC_C_LANGUAGE_STANDARD = gnu99;
				GCC_DYNAMIC_NO_PIC = NO;
				GCC_NO_COMMON_BLOCKS = YES;
				GCC_OPTIMIZATION_LEVEL = 0;
				GCC_PREPROCESSOR_DEFINITIONS = (
					"DEBUG=1",
					"$(inherited)",
				);
				GCC_WARN_64_TO_32_BIT_CONVERSION = YES;
				GCC_WARN_ABOUT_RETURN_TYPE = YES_ERROR;
				GCC_WARN_UNDECLARED_SELECTOR = YES;
				GCC_WARN_UNINITIALIZED_AUTOS = YES_AGGRESSIVE;
				GCC_WARN_UNUSED_FUNCTION = YES;
				GCC_WARN_UNUSED_VARIABLE = YES;
				IPHONEOS_DEPLOYMENT_TARGET = 10.0;
				MTL_ENABLE_DEBUG_INFO = YES;
				ONLY_ACTIVE_ARCH = YES;
				SDKROOT = iphoneos;
			};
			name = Debug;
		};
		D8AB78A61E33F8F200029E63 /* Release */ = {
			isa = XCBuildConfiguration;
			buildSettings = {
				ALWAYS_SEARCH_USER_PATHS = NO;
				CLANG_ANALYZER_NONNULL = YES;
				CLANG_CXX_LANGUAGE_STANDARD = "gnu++0x";
				CLANG_CXX_LIBRARY = "libc++";
				CLANG_ENABLE_MODULES = YES;
				CLANG_ENABLE_OBJC_ARC = YES;
				CLANG_WARN_BOOL_CONVERSION = YES;
				CLANG_WARN_CONSTANT_CONVERSION = YES;
				CLANG_WARN_DIRECT_OBJC_ISA_USAGE = YES_ERROR;
				CLANG_WARN_DOCUMENTATION_COMMENTS = YES;
				CLANG_WARN_EMPTY_BODY = YES;
				CLANG_WARN_ENUM_CONVERSION = YES;
				CLANG_WARN_INFINITE_RECURSION = YES;
				CLANG_WARN_INT_CONVERSION = YES;
				CLANG_WARN_OBJC_ROOT_CLASS = YES_ERROR;
				CLANG_WARN_SUSPICIOUS_MOVE = YES;
				CLANG_WARN_UNREACHABLE_CODE = YES;
				CLANG_WARN__DUPLICATE_METHOD_MATCH = YES;
				"CODE_SIGN_IDENTITY[sdk=iphoneos*]" = "iPhone Developer";
				COPY_PHASE_STRIP = NO;
				DEBUG_INFORMATION_FORMAT = "dwarf-with-dsym";
				ENABLE_NS_ASSERTIONS = NO;
				ENABLE_STRICT_OBJC_MSGSEND = YES;
				GCC_C_LANGUAGE_STANDARD = gnu99;
				GCC_NO_COMMON_BLOCKS = YES;
				GCC_WARN_64_TO_32_BIT_CONVERSION = YES;
				GCC_WARN_ABOUT_RETURN_TYPE = YES_ERROR;
				GCC_WARN_UNDECLARED_SELECTOR = YES;
				GCC_WARN_UNINITIALIZED_AUTOS = YES_AGGRESSIVE;
				GCC_WARN_UNUSED_FUNCTION = YES;
				GCC_WARN_UNUSED_VARIABLE = YES;
				IPHONEOS_DEPLOYMENT_TARGET = 10.0;
				MTL_ENABLE_DEBUG_INFO = NO;
				SDKROOT = iphoneos;
				VALIDATE_PRODUCT = YES;
			};
			name = Release;
		};
		D8AB78A81E33F8F200029E63 /* Debug */ = {
			isa = XCBuildConfiguration;
			buildSettings = {
				ASSETCATALOG_COMPILER_APPICON_NAME = AppIcon;
				DEVELOPMENT_TEAM = M7CQNY6ET6;
				INFOPLIST_FILE = "Viseme iOS Client/Info.plist";
				LD_RUNPATH_SEARCH_PATHS = "$(inherited) @executable_path/Frameworks";
				PRODUCT_BUNDLE_IDENTIFIER = "viseme.Viseme-iOS-Client";
				PRODUCT_NAME = "$(TARGET_NAME)";
			};
			name = Debug;
		};
		D8AB78A91E33F8F200029E63 /* Release */ = {
			isa = XCBuildConfiguration;
			buildSettings = {
				ASSETCATALOG_COMPILER_APPICON_NAME = AppIcon;
				DEVELOPMENT_TEAM = M7CQNY6ET6;
				INFOPLIST_FILE = "Viseme iOS Client/Info.plist";
				LD_RUNPATH_SEARCH_PATHS = "$(inherited) @executable_path/Frameworks";
				PRODUCT_BUNDLE_IDENTIFIER = "viseme.Viseme-iOS-Client";
				PRODUCT_NAME = "$(TARGET_NAME)";
			};
			name = Release;
		};
		D8AB78AB1E33F8F200029E63 /* Debug */ = {
			isa = XCBuildConfiguration;
			buildSettings = {
				BUNDLE_LOADER = "$(TEST_HOST)";
				INFOPLIST_FILE = "Viseme iOS ClientTests/Info.plist";
				LD_RUNPATH_SEARCH_PATHS = "$(inherited) @executable_path/Frameworks @loader_path/Frameworks";
				PRODUCT_BUNDLE_IDENTIFIER = "viseme.Viseme-iOS-ClientTests";
				PRODUCT_NAME = "$(TARGET_NAME)";
				TEST_HOST = "$(BUILT_PRODUCTS_DIR)/Viseme iOS Client.app/Viseme iOS Client";
			};
			name = Debug;
		};
		D8AB78AC1E33F8F200029E63 /* Release */ = {
			isa = XCBuildConfiguration;
			buildSettings = {
				BUNDLE_LOADER = "$(TEST_HOST)";
				INFOPLIST_FILE = "Viseme iOS ClientTests/Info.plist";
				LD_RUNPATH_SEARCH_PATHS = "$(inherited) @executable_path/Frameworks @loader_path/Frameworks";
				PRODUCT_BUNDLE_IDENTIFIER = "viseme.Viseme-iOS-ClientTests";
				PRODUCT_NAME = "$(TARGET_NAME)";
				TEST_HOST = "$(BUILT_PRODUCTS_DIR)/Viseme iOS Client.app/Viseme iOS Client";
			};
			name = Release;
		};
/* End XCBuildConfiguration section */

/* Begin XCConfigurationList section */
		D8AB78801E33F8F100029E63 /* Build configuration list for PBXProject "Viseme iOS Client" */ = {
			isa = XCConfigurationList;
			buildConfigurations = (
				D8AB78A51E33F8F200029E63 /* Debug */,
				D8AB78A61E33F8F200029E63 /* Release */,
			);
			defaultConfigurationIsVisible = 0;
			defaultConfigurationName = Release;
		};
		D8AB78A71E33F8F200029E63 /* Build configuration list for PBXNativeTarget "Viseme iOS Client" */ = {
			isa = XCConfigurationList;
			buildConfigurations = (
				D8AB78A81E33F8F200029E63 /* Debug */,
				D8AB78A91E33F8F200029E63 /* Release */,
			);
			defaultConfigurationIsVisible = 0;
		};
		D8AB78AA1E33F8F200029E63 /* Build configuration list for PBXNativeTarget "Viseme iOS ClientTests" */ = {
			isa = XCConfigurationList;
			buildConfigurations = (
				D8AB78AB1E33F8F200029E63 /* Debug */,
				D8AB78AC1E33F8F200029E63 /* Release */,
			);
			defaultConfigurationIsVisible = 0;
		};
/* End XCConfigurationList section */
	};
	rootObject = D8AB787D1E33F8F100029E63 /* Project object */;
}
